// !$*UTF8*$!
{
	archiveVersion = 1;
	classes = {
	};
	objectVersion = 46;
	objects = {

/* Begin PBXBuildFile section */
		140D07EB1E8F280E0091AD62 /* AppDelegate.swift in Sources */ = {isa = PBXBuildFile; fileRef = 140D07EA1E8F280E0091AD62 /* AppDelegate.swift */; };
		140D07F01E8F280E0091AD62 /* Main.storyboard in Resources */ = {isa = PBXBuildFile; fileRef = 140D07EE1E8F280E0091AD62 /* Main.storyboard */; };
		140D07F21E8F280E0091AD62 /* Assets.xcassets in Resources */ = {isa = PBXBuildFile; fileRef = 140D07F11E8F280E0091AD62 /* Assets.xcassets */; };
		140D07F51E8F280E0091AD62 /* LaunchScreen.storyboard in Resources */ = {isa = PBXBuildFile; fileRef = 140D07F31E8F280E0091AD62 /* LaunchScreen.storyboard */; };
		140D07FD1E8F30A80091AD62 /* GoogleService-Info.plist in Resources */ = {isa = PBXBuildFile; fileRef = 140D07FC1E8F30A80091AD62 /* GoogleService-Info.plist */; };
		140D07FF1E8F331E0091AD62 /* OnboardViewController.swift in Sources */ = {isa = PBXBuildFile; fileRef = 140D07FE1E8F331E0091AD62 /* OnboardViewController.swift */; };
		140D08011E8F33490091AD62 /* BackgroundVideo.swift in Sources */ = {isa = PBXBuildFile; fileRef = 140D08001E8F33490091AD62 /* BackgroundVideo.swift */; };
		140D080A1E8F33C60091AD62 /* LoginViewController.swift in Sources */ = {isa = PBXBuildFile; fileRef = 140D08091E8F33C60091AD62 /* LoginViewController.swift */; };
		140D080E1E8F43CC0091AD62 /* TransparentNavigationBar.swift in Sources */ = {isa = PBXBuildFile; fileRef = 140D080D1E8F43CC0091AD62 /* TransparentNavigationBar.swift */; };
		140D08101E8F4FF50091AD62 /* FireClient.swift in Sources */ = {isa = PBXBuildFile; fileRef = 140D080F1E8F4FF50091AD62 /* FireClient.swift */; };
		140D08151E8F53390091AD62 /* AlertUtility.swift in Sources */ = {isa = PBXBuildFile; fileRef = 140D08141E8F53390091AD62 /* AlertUtility.swift */; };
		140D08171E8F58140091AD62 /* ProfileImageView.swift in Sources */ = {isa = PBXBuildFile; fileRef = 140D08161E8F58140091AD62 /* ProfileImageView.swift */; };
		140D08191E8FD91D0091AD62 /* SignupController.swift in Sources */ = {isa = PBXBuildFile; fileRef = 140D08181E8FD91D0091AD62 /* SignupController.swift */; };
		145621321E912F9500579C7E /* Five210ViewController.swift in Sources */ = {isa = PBXBuildFile; fileRef = 145621311E912F9500579C7E /* Five210ViewController.swift */; };
		145621341E9131BD00579C7E /* Five210NavBar.swift in Sources */ = {isa = PBXBuildFile; fileRef = 145621331E9131BD00579C7E /* Five210NavBar.swift */; };
		145621361E914E7100579C7E /* FruitsAndVeggiesController.swift in Sources */ = {isa = PBXBuildFile; fileRef = 145621351E914E7100579C7E /* FruitsAndVeggiesController.swift */; };
		145621381E914E9200579C7E /* ActivityViewController.swift in Sources */ = {isa = PBXBuildFile; fileRef = 145621371E914E9200579C7E /* ActivityViewController.swift */; };
		1456213A1E914EB300579C7E /* ScreenTimeViewController.swift in Sources */ = {isa = PBXBuildFile; fileRef = 145621391E914EB300579C7E /* ScreenTimeViewController.swift */; };
		1456213C1E914F1400579C7E /* DrinksViewController.swift in Sources */ = {isa = PBXBuildFile; fileRef = 1456213B1E914F1400579C7E /* DrinksViewController.swift */; };
		1456213E1E915D6400579C7E /* FoodView.swift in Sources */ = {isa = PBXBuildFile; fileRef = 1456213D1E915D6400579C7E /* FoodView.swift */; };
		D632A688FF8C96FE6664ACE0 /* Pods_5210.framework in Frameworks */ = {isa = PBXBuildFile; fileRef = A039013F80174743B40CDD21 /* Pods_5210.framework */; };
/* End PBXBuildFile section */

/* Begin PBXFileReference section */
		140D07E71E8F280E0091AD62 /* 5210.app */ = {isa = PBXFileReference; explicitFileType = wrapper.application; includeInIndex = 0; path = 5210.app; sourceTree = BUILT_PRODUCTS_DIR; };
		140D07EA1E8F280E0091AD62 /* AppDelegate.swift */ = {isa = PBXFileReference; lastKnownFileType = sourcecode.swift; path = AppDelegate.swift; sourceTree = "<group>"; };
		140D07EF1E8F280E0091AD62 /* Base */ = {isa = PBXFileReference; lastKnownFileType = file.storyboard; name = Base; path = Base.lproj/Main.storyboard; sourceTree = "<group>"; };
		140D07F11E8F280E0091AD62 /* Assets.xcassets */ = {isa = PBXFileReference; lastKnownFileType = folder.assetcatalog; path = Assets.xcassets; sourceTree = "<group>"; };
		140D07F41E8F280E0091AD62 /* Base */ = {isa = PBXFileReference; lastKnownFileType = file.storyboard; name = Base; path = Base.lproj/LaunchScreen.storyboard; sourceTree = "<group>"; };
		140D07F61E8F280E0091AD62 /* Info.plist */ = {isa = PBXFileReference; lastKnownFileType = text.plist.xml; path = Info.plist; sourceTree = "<group>"; };
		140D07FC1E8F30A80091AD62 /* GoogleService-Info.plist */ = {isa = PBXFileReference; fileEncoding = 4; lastKnownFileType = text.plist.xml; path = "GoogleService-Info.plist"; sourceTree = "<group>"; };
		140D07FE1E8F331E0091AD62 /* OnboardViewController.swift */ = {isa = PBXFileReference; fileEncoding = 4; lastKnownFileType = sourcecode.swift; path = OnboardViewController.swift; sourceTree = "<group>"; };
		140D08001E8F33490091AD62 /* BackgroundVideo.swift */ = {isa = PBXFileReference; fileEncoding = 4; lastKnownFileType = sourcecode.swift; path = BackgroundVideo.swift; sourceTree = "<group>"; };
		140D08091E8F33C60091AD62 /* LoginViewController.swift */ = {isa = PBXFileReference; fileEncoding = 4; lastKnownFileType = sourcecode.swift; path = LoginViewController.swift; sourceTree = "<group>"; };
		140D080D1E8F43CC0091AD62 /* TransparentNavigationBar.swift */ = {isa = PBXFileReference; fileEncoding = 4; lastKnownFileType = sourcecode.swift; path = TransparentNavigationBar.swift; sourceTree = "<group>"; };
		140D080F1E8F4FF50091AD62 /* FireClient.swift */ = {isa = PBXFileReference; fileEncoding = 4; lastKnownFileType = sourcecode.swift; path = FireClient.swift; sourceTree = "<group>"; };
		140D08141E8F53390091AD62 /* AlertUtility.swift */ = {isa = PBXFileReference; fileEncoding = 4; lastKnownFileType = sourcecode.swift; path = AlertUtility.swift; sourceTree = "<group>"; };
		140D08161E8F58140091AD62 /* ProfileImageView.swift */ = {isa = PBXFileReference; fileEncoding = 4; lastKnownFileType = sourcecode.swift; path = ProfileImageView.swift; sourceTree = "<group>"; };
		140D08181E8FD91D0091AD62 /* SignupController.swift */ = {isa = PBXFileReference; fileEncoding = 4; lastKnownFileType = sourcecode.swift; path = SignupController.swift; sourceTree = "<group>"; };
		145621311E912F9500579C7E /* Five210ViewController.swift */ = {isa = PBXFileReference; fileEncoding = 4; lastKnownFileType = sourcecode.swift; path = Five210ViewController.swift; sourceTree = "<group>"; };
		145621331E9131BD00579C7E /* Five210NavBar.swift */ = {isa = PBXFileReference; fileEncoding = 4; lastKnownFileType = sourcecode.swift; path = Five210NavBar.swift; sourceTree = "<group>"; };
		145621351E914E7100579C7E /* FruitsAndVeggiesController.swift */ = {isa = PBXFileReference; fileEncoding = 4; lastKnownFileType = sourcecode.swift; path = FruitsAndVeggiesController.swift; sourceTree = "<group>"; };
		145621371E914E9200579C7E /* ActivityViewController.swift */ = {isa = PBXFileReference; fileEncoding = 4; lastKnownFileType = sourcecode.swift; path = ActivityViewController.swift; sourceTree = "<group>"; };
		145621391E914EB300579C7E /* ScreenTimeViewController.swift */ = {isa = PBXFileReference; fileEncoding = 4; lastKnownFileType = sourcecode.swift; path = ScreenTimeViewController.swift; sourceTree = "<group>"; };
		1456213B1E914F1400579C7E /* DrinksViewController.swift */ = {isa = PBXFileReference; fileEncoding = 4; lastKnownFileType = sourcecode.swift; path = DrinksViewController.swift; sourceTree = "<group>"; };
		1456213D1E915D6400579C7E /* FoodView.swift */ = {isa = PBXFileReference; fileEncoding = 4; lastKnownFileType = sourcecode.swift; path = FoodView.swift; sourceTree = "<group>"; };
		47EAD9BE9D6726353EFEFF13 /* Pods-5210.debug.xcconfig */ = {isa = PBXFileReference; includeInIndex = 1; lastKnownFileType = text.xcconfig; name = "Pods-5210.debug.xcconfig"; path = "Pods/Target Support Files/Pods-5210/Pods-5210.debug.xcconfig"; sourceTree = "<group>"; };
		4F86CF89418AF389E8AEDFC0 /* Pods-5210.release.xcconfig */ = {isa = PBXFileReference; includeInIndex = 1; lastKnownFileType = text.xcconfig; name = "Pods-5210.release.xcconfig"; path = "Pods/Target Support Files/Pods-5210/Pods-5210.release.xcconfig"; sourceTree = "<group>"; };
		A039013F80174743B40CDD21 /* Pods_5210.framework */ = {isa = PBXFileReference; explicitFileType = wrapper.framework; includeInIndex = 0; path = Pods_5210.framework; sourceTree = BUILT_PRODUCTS_DIR; };
/* End PBXFileReference section */

/* Begin PBXFrameworksBuildPhase section */
		140D07E41E8F280D0091AD62 /* Frameworks */ = {
			isa = PBXFrameworksBuildPhase;
			buildActionMask = 2147483647;
			files = (
				D632A688FF8C96FE6664ACE0 /* Pods_5210.framework in Frameworks */,
			);
			runOnlyForDeploymentPostprocessing = 0;
		};
/* End PBXFrameworksBuildPhase section */

/* Begin PBXGroup section */
		140D07DE1E8F280D0091AD62 = {
			isa = PBXGroup;
			children = (
				140D07E91E8F280E0091AD62 /* 5210 */,
				140D07E81E8F280E0091AD62 /* Products */,
				6D31BD4439E6749812FF4AA6 /* Pods */,
				1F401B91A9B3644DE64A62C2 /* Frameworks */,
			);
			sourceTree = "<group>";
		};
		140D07E81E8F280E0091AD62 /* Products */ = {
			isa = PBXGroup;
			children = (
				140D07E71E8F280E0091AD62 /* 5210.app */,
			);
			name = Products;
			sourceTree = "<group>";
		};
		140D07E91E8F280E0091AD62 /* 5210 */ = {
			isa = PBXGroup;
			children = (
				140D07EE1E8F280E0091AD62 /* Main.storyboard */,
				1456213D1E915D6400579C7E /* FoodView.swift */,
				140D07EA1E8F280E0091AD62 /* AppDelegate.swift */,
				140D07FC1E8F30A80091AD62 /* GoogleService-Info.plist */,
				140D08021E8F33500091AD62 /* Controllers */,
				140D08061E8F33760091AD62 /* Model */,
				140D08041E8F33630091AD62 /* Utility */,
				140D08031E8F33570091AD62 /* Views */,
				140D07F11E8F280E0091AD62 /* Assets.xcassets */,
				140D07F31E8F280E0091AD62 /* LaunchScreen.storyboard */,
				140D07F61E8F280E0091AD62 /* Info.plist */,
			);
			path = 5210;
			sourceTree = "<group>";
		};
		140D08021E8F33500091AD62 /* Controllers */ = {
			isa = PBXGroup;
			children = (
				145621351E914E7100579C7E /* FruitsAndVeggiesController.swift */,
				145621371E914E9200579C7E /* ActivityViewController.swift */,
				1456213B1E914F1400579C7E /* DrinksViewController.swift */,
				145621391E914EB300579C7E /* ScreenTimeViewController.swift */,
				145621311E912F9500579C7E /* Five210ViewController.swift */,
				140D08181E8FD91D0091AD62 /* SignupController.swift */,
				140D08091E8F33C60091AD62 /* LoginViewController.swift */,
				140D07FE1E8F331E0091AD62 /* OnboardViewController.swift */,
			);
			name = Controllers;
			sourceTree = "<group>";
		};
		140D08031E8F33570091AD62 /* Views */ = {
			isa = PBXGroup;
			children = (
				145621331E9131BD00579C7E /* Five210NavBar.swift */,
				140D08161E8F58140091AD62 /* ProfileImageView.swift */,
				140D080D1E8F43CC0091AD62 /* TransparentNavigationBar.swift */,
				140D08001E8F33490091AD62 /* BackgroundVideo.swift */,
			);
			name = Views;
			sourceTree = "<group>";
		};
		140D08041E8F33630091AD62 /* Utility */ = {
			isa = PBXGroup;
			children = (
				140D08141E8F53390091AD62 /* AlertUtility.swift */,
				140D080F1E8F4FF50091AD62 /* FireClient.swift */,
			);
			name = Utility;
			sourceTree = "<group>";
		};
		140D08061E8F33760091AD62 /* Model */ = {
			isa = PBXGroup;
			children = (
			);
			name = Model;
			sourceTree = "<group>";
		};
		1F401B91A9B3644DE64A62C2 /* Frameworks */ = {
			isa = PBXGroup;
			children = (
				A039013F80174743B40CDD21 /* Pods_5210.framework */,
			);
			name = Frameworks;
			sourceTree = "<group>";
		};
		6D31BD4439E6749812FF4AA6 /* Pods */ = {
			isa = PBXGroup;
			children = (
				47EAD9BE9D6726353EFEFF13 /* Pods-5210.debug.xcconfig */,
				4F86CF89418AF389E8AEDFC0 /* Pods-5210.release.xcconfig */,
			);
			name = Pods;
			sourceTree = "<group>";
		};
/* End PBXGroup section */

/* Begin PBXNativeTarget section */
		140D07E61E8F280D0091AD62 /* 5210 */ = {
			isa = PBXNativeTarget;
			buildConfigurationList = 140D07F91E8F280E0091AD62 /* Build configuration list for PBXNativeTarget "5210" */;
			buildPhases = (
				2513DF2260818C9CBA0DACE1 /* [CP] Check Pods Manifest.lock */,
				140D07E31E8F280D0091AD62 /* Sources */,
				140D07E41E8F280D0091AD62 /* Frameworks */,
				140D07E51E8F280D0091AD62 /* Resources */,
				627418CBD73683E803547598 /* [CP] Embed Pods Frameworks */,
				6D808EE6639E177C3C370863 /* [CP] Copy Pods Resources */,
				140D08111E8F50D70091AD62 /* ShellScript */,
			);
			buildRules = (
			);
			dependencies = (
			);
			name = 5210;
			productName = 5210;
			productReference = 140D07E71E8F280E0091AD62 /* 5210.app */;
			productType = "com.apple.product-type.application";
		};
/* End PBXNativeTarget section */

/* Begin PBXProject section */
		140D07DF1E8F280D0091AD62 /* Project object */ = {
			isa = PBXProject;
			attributes = {
				LastSwiftUpdateCheck = 0820;
				LastUpgradeCheck = 0820;
				ORGANIZATIONNAME = "Panucci, Julian R";
				TargetAttributes = {
					140D07E61E8F280D0091AD62 = {
						CreatedOnToolsVersion = 8.2.1;
						DevelopmentTeam = DGYJ3R2C9F;
						ProvisioningStyle = Automatic;
					};
				};
			};
			buildConfigurationList = 140D07E21E8F280D0091AD62 /* Build configuration list for PBXProject "5210" */;
			compatibilityVersion = "Xcode 3.2";
			developmentRegion = English;
			hasScannedForEncodings = 0;
			knownRegions = (
				en,
				Base,
			);
			mainGroup = 140D07DE1E8F280D0091AD62;
			productRefGroup = 140D07E81E8F280E0091AD62 /* Products */;
			projectDirPath = "";
			projectRoot = "";
			targets = (
				140D07E61E8F280D0091AD62 /* 5210 */,
			);
		};
/* End PBXProject section */

/* Begin PBXResourcesBuildPhase section */
		140D07E51E8F280D0091AD62 /* Resources */ = {
			isa = PBXResourcesBuildPhase;
			buildActionMask = 2147483647;
			files = (
				140D07F51E8F280E0091AD62 /* LaunchScreen.storyboard in Resources */,
				140D07FD1E8F30A80091AD62 /* GoogleService-Info.plist in Resources */,
				140D07F21E8F280E0091AD62 /* Assets.xcassets in Resources */,
				140D07F01E8F280E0091AD62 /* Main.storyboard in Resources */,
			);
			runOnlyForDeploymentPostprocessing = 0;
		};
/* End PBXResourcesBuildPhase section */

/* Begin PBXShellScriptBuildPhase section */
		140D08111E8F50D70091AD62 /* ShellScript */ = {
			isa = PBXShellScriptBuildPhase;
			buildActionMask = 2147483647;
			files = (
			);
			inputPaths = (
			);
			outputPaths = (
			);
			runOnlyForDeploymentPostprocessing = 0;
			shellPath = /bin/sh;
			shellScript = "python \"$PROJECT_DIR/Design/slice.py\" \"$PROJECT_DIR/Design/Designs.sketch\" \"$PROJECT_DIR/5210/Assets.xcassets\"";
		};
		2513DF2260818C9CBA0DACE1 /* [CP] Check Pods Manifest.lock */ = {
			isa = PBXShellScriptBuildPhase;
			buildActionMask = 2147483647;
			files = (
			);
			inputPaths = (
			);
			name = "[CP] Check Pods Manifest.lock";
			outputPaths = (
			);
			runOnlyForDeploymentPostprocessing = 0;
			shellPath = /bin/sh;
			shellScript = "diff \"${PODS_ROOT}/../Podfile.lock\" \"${PODS_ROOT}/Manifest.lock\" > /dev/null\nif [ $? != 0 ] ; then\n    # print error to STDERR\n    echo \"error: The sandbox is not in sync with the Podfile.lock. Run 'pod install' or update your CocoaPods installation.\" >&2\n    exit 1\nfi\n";
			showEnvVarsInLog = 0;
		};
		627418CBD73683E803547598 /* [CP] Embed Pods Frameworks */ = {
			isa = PBXShellScriptBuildPhase;
			buildActionMask = 2147483647;
			files = (
			);
			inputPaths = (
			);
			name = "[CP] Embed Pods Frameworks";
			outputPaths = (
			);
			runOnlyForDeploymentPostprocessing = 0;
			shellPath = /bin/sh;
			shellScript = "\"${SRCROOT}/Pods/Target Support Files/Pods-5210/Pods-5210-frameworks.sh\"\n";
			showEnvVarsInLog = 0;
		};
		6D808EE6639E177C3C370863 /* [CP] Copy Pods Resources */ = {
			isa = PBXShellScriptBuildPhase;
			buildActionMask = 2147483647;
			files = (
			);
			inputPaths = (
			);
			name = "[CP] Copy Pods Resources";
			outputPaths = (
			);
			runOnlyForDeploymentPostprocessing = 0;
			shellPath = /bin/sh;
			shellScript = "\"${SRCROOT}/Pods/Target Support Files/Pods-5210/Pods-5210-resources.sh\"\n";
			showEnvVarsInLog = 0;
		};
/* End PBXShellScriptBuildPhase section */

/* Begin PBXSourcesBuildPhase section */
		140D07E31E8F280D0091AD62 /* Sources */ = {
			isa = PBXSourcesBuildPhase;
			buildActionMask = 2147483647;
			files = (
				140D07EB1E8F280E0091AD62 /* AppDelegate.swift in Sources */,
				1456213A1E914EB300579C7E /* ScreenTimeViewController.swift in Sources */,
				140D08171E8F58140091AD62 /* ProfileImageView.swift in Sources */,
				140D080E1E8F43CC0091AD62 /* TransparentNavigationBar.swift in Sources */,
				140D08191E8FD91D0091AD62 /* SignupController.swift in Sources */,
				145621321E912F9500579C7E /* Five210ViewController.swift in Sources */,
				140D08151E8F53390091AD62 /* AlertUtility.swift in Sources */,
				140D07FF1E8F331E0091AD62 /* OnboardViewController.swift in Sources */,
				140D080A1E8F33C60091AD62 /* LoginViewController.swift in Sources */,
				145621381E914E9200579C7E /* ActivityViewController.swift in Sources */,
				145621341E9131BD00579C7E /* Five210NavBar.swift in Sources */,
				140D08101E8F4FF50091AD62 /* FireClient.swift in Sources */,
				1456213E1E915D6400579C7E /* FoodView.swift in Sources */,
				1456213C1E914F1400579C7E /* DrinksViewController.swift in Sources */,
				145621361E914E7100579C7E /* FruitsAndVeggiesController.swift in Sources */,
				140D08011E8F33490091AD62 /* BackgroundVideo.swift in Sources */,
			);
			runOnlyForDeploymentPostprocessing = 0;
		};
/* End PBXSourcesBuildPhase section */

/* Begin PBXVariantGroup section */
		140D07EE1E8F280E0091AD62 /* Main.storyboard */ = {
			isa = PBXVariantGroup;
			children = (
				140D07EF1E8F280E0091AD62 /* Base */,
			);
			name = Main.storyboard;
			sourceTree = "<group>";
		};
		140D07F31E8F280E0091AD62 /* LaunchScreen.storyboard */ = {
			isa = PBXVariantGroup;
			children = (
				140D07F41E8F280E0091AD62 /* Base */,
			);
			name = LaunchScreen.storyboard;
			sourceTree = "<group>";
		};
/* End PBXVariantGroup section */

/* Begin XCBuildConfiguration section */
		140D07F71E8F280E0091AD62 /* Debug */ = {
			isa = XCBuildConfiguration;
			buildSettings = {
				ALWAYS_SEARCH_USER_PATHS = NO;
				CLANG_ANALYZER_NONNULL = YES;
				CLANG_CXX_LANGUAGE_STANDARD = "gnu++0x";
				CLANG_CXX_LIBRARY = "libc++";
				CLANG_ENABLE_MODULES = YES;
				CLANG_ENABLE_OBJC_ARC = YES;
				CLANG_WARN_BOOL_CONVERSION = YES;
				CLANG_WARN_CONSTANT_CONVERSION = YES;
				CLANG_WARN_DIRECT_OBJC_ISA_USAGE = YES_ERROR;
				CLANG_WARN_DOCUMENTATION_COMMENTS = YES;
				CLANG_WARN_EMPTY_BODY = YES;
				CLANG_WARN_ENUM_CONVERSION = YES;
				CLANG_WARN_INFINITE_RECURSION = YES;
				CLANG_WARN_INT_CONVERSION = YES;
				CLANG_WARN_OBJC_ROOT_CLASS = YES_ERROR;
				CLANG_WARN_SUSPICIOUS_MOVE = YES;
				CLANG_WARN_UNREACHABLE_CODE = YES;
				CLANG_WARN__DUPLICATE_METHOD_MATCH = YES;
				"CODE_SIGN_IDENTITY[sdk=iphoneos*]" = "iPhone Developer";
				COPY_PHASE_STRIP = NO;
				DEBUG_INFORMATION_FORMAT = dwarf;
				ENABLE_STRICT_OBJC_MSGSEND = YES;
				ENABLE_TESTABILITY = YES;
				GCC_C_LANGUAGE_STANDARD = gnu99;
				GCC_DYNAMIC_NO_PIC = NO;
				GCC_NO_COMMON_BLOCKS = YES;
				GCC_OPTIMIZATION_LEVEL = 0;
				GCC_PREPROCESSOR_DEFINITIONS = (
					"DEBUG=1",
					"$(inherited)",
				);
				GCC_WARN_64_TO_32_BIT_CONVERSION = YES;
				GCC_WARN_ABOUT_RETURN_TYPE = YES_ERROR;
				GCC_WARN_UNDECLARED_SELECTOR = YES;
				GCC_WARN_UNINITIALIZED_AUTOS = YES_AGGRESSIVE;
				GCC_WARN_UNUSED_FUNCTION = YES;
				GCC_WARN_UNUSED_VARIABLE = YES;
				IPHONEOS_DEPLOYMENT_TARGET = 10.2;
				MTL_ENABLE_DEBUG_INFO = YES;
				ONLY_ACTIVE_ARCH = YES;
				SDKROOT = iphoneos;
				SWIFT_ACTIVE_COMPILATION_CONDITIONS = DEBUG;
				SWIFT_OPTIMIZATION_LEVEL = "-Onone";
			};
			name = Debug;
		};
		140D07F81E8F280E0091AD62 /* Release */ = {
			isa = XCBuildConfiguration;
			buildSettings = {
				ALWAYS_SEARCH_USER_PATHS = NO;
				CLANG_ANALYZER_NONNULL = YES;
				CLANG_CXX_LANGUAGE_STANDARD = "gnu++0x";
				CLANG_CXX_LIBRARY = "libc++";
				CLANG_ENABLE_MODULES = YES;
				CLANG_ENABLE_OBJC_ARC = YES;
				CLANG_WARN_BOOL_CONVERSION = YES;
				CLANG_WARN_CONSTANT_CONVERSION = YES;
				CLANG_WARN_DIRECT_OBJC_ISA_USAGE = YES_ERROR;
				CLANG_WARN_DOCUMENTATION_COMMENTS = YES;
				CLANG_WARN_EMPTY_BODY = YES;
				CLANG_WARN_ENUM_CONVERSION = YES;
				CLANG_WARN_INFINITE_RECURSION = YES;
				CLANG_WARN_INT_CONVERSION = YES;
				CLANG_WARN_OBJC_ROOT_CLASS = YES_ERROR;
				CLANG_WARN_SUSPICIOUS_MOVE = YES;
				CLANG_WARN_UNREACHABLE_CODE = YES;
				CLANG_WARN__DUPLICATE_METHOD_MATCH = YES;
				"CODE_SIGN_IDENTITY[sdk=iphoneos*]" = "iPhone Developer";
				COPY_PHASE_STRIP = NO;
				DEBUG_INFORMATION_FORMAT = "dwarf-with-dsym";
				ENABLE_NS_ASSERTIONS = NO;
				ENABLE_STRICT_OBJC_MSGSEND = YES;
				GCC_C_LANGUAGE_STANDARD = gnu99;
				GCC_NO_COMMON_BLOCKS = YES;
				GCC_WARN_64_TO_32_BIT_CONVERSION = YES;
				GCC_WARN_ABOUT_RETURN_TYPE = YES_ERROR;
				GCC_WARN_UNDECLARED_SELECTOR = YES;
				GCC_WARN_UNINITIALIZED_AUTOS = YES_AGGRESSIVE;
				GCC_WARN_UNUSED_FUNCTION = YES;
				GCC_WARN_UNUSED_VARIABLE = YES;
				IPHONEOS_DEPLOYMENT_TARGET = 10.2;
				MTL_ENABLE_DEBUG_INFO = NO;
				SDKROOT = iphoneos;
				SWIFT_OPTIMIZATION_LEVEL = "-Owholemodule";
				VALIDATE_PRODUCT = YES;
			};
			name = Release;
		};
		140D07FA1E8F280E0091AD62 /* Debug */ = {
			isa = XCBuildConfiguration;
			baseConfigurationReference = 47EAD9BE9D6726353EFEFF13 /* Pods-5210.debug.xcconfig */;
			buildSettings = {
				ASSETCATALOG_COMPILER_APPICON_NAME = AppIcon;
				DEVELOPMENT_TEAM = DGYJ3R2C9F;
				INFOPLIST_FILE = 5210/Info.plist;
				LD_RUNPATH_SEARCH_PATHS = "$(inherited) @executable_path/Frameworks";
				PRODUCT_BUNDLE_IDENTIFIER = "Julian.-5210";
				PRODUCT_NAME = "$(TARGET_NAME)";
				SWIFT_VERSION = 3.0;
			};
			name = Debug;
		};
		140D07FB1E8F280E0091AD62 /* Release */ = {
			isa = XCBuildConfiguration;
			baseConfigurationReference = 4F86CF89418AF389E8AEDFC0 /* Pods-5210.release.xcconfig */;
			buildSettings = {
				ASSETCATALOG_COMPILER_APPICON_NAME = AppIcon;
				DEVELOPMENT_TEAM = DGYJ3R2C9F;
				INFOPLIST_FILE = 5210/Info.plist;
				LD_RUNPATH_SEARCH_PATHS = "$(inherited) @executable_path/Frameworks";
				PRODUCT_BUNDLE_IDENTIFIER = "Julian.-5210";
				PRODUCT_NAME = "$(TARGET_NAME)";
				SWIFT_VERSION = 3.0;
			};
			name = Release;
		};
/* End XCBuildConfiguration section */

/* Begin XCConfigurationList section */
		140D07E21E8F280D0091AD62 /* Build configuration list for PBXProject "5210" */ = {
			isa = XCConfigurationList;
			buildConfigurations = (
				140D07F71E8F280E0091AD62 /* Debug */,
				140D07F81E8F280E0091AD62 /* Release */,
			);
			defaultConfigurationIsVisible = 0;
			defaultConfigurationName = Release;
		};
		140D07F91E8F280E0091AD62 /* Build configuration list for PBXNativeTarget "5210" */ = {
			isa = XCConfigurationList;
			buildConfigurations = (
				140D07FA1E8F280E0091AD62 /* Debug */,
				140D07FB1E8F280E0091AD62 /* Release */,
			);
			defaultConfigurationIsVisible = 0;
			defaultConfigurationName = Release;
		};
/* End XCConfigurationList section */
	};
	rootObject = 140D07DF1E8F280D0091AD62 /* Project object */;
}
